
Microsoft Visual Studio Solution File, Format Version 12.00
# Visual Studio 15
VisualStudioVersion = 15.0.28307.329
MinimumVisualStudioVersion = 10.0.40219.1
Project("{FAE04EC0-301F-11D3-BF4B-00C04F79EFBC}") = "MyApi", "MyApi\MyApi.csproj", "{ADD9833D-0277-48E9-A974-EFDBBD4F194E}"
EndProject
Global
	GlobalSection(SolutionConfigurationPlatforms) = preSolution
		Debug|Any CPU = Debug|Any CPU
		Release|Any CPU = Release|Any CPU
	EndGlobalSection
	GlobalSection(ProjectConfigurationPlatforms) = postSolution
		{ADD9833D-0277-48E9-A974-EFDBBD4F194E}.Debug|Any CPU.ActiveCfg = Debug|Any CPU
		{ADD9833D-0277-48E9-A974-EFDBBD4F194E}.Debug|Any CPU.Build.0 = Debug|Any CPU
		{ADD9833D-0277-48E9-A974-EFDBBD4F194E}.Release|Any CPU.ActiveCfg = Release|Any CPU
		{ADD9833D-0277-48E9-A974-EFDBBD4F194E}.Release|Any CPU.Build.0 = Release|Any CPU
	EndGlobalSection
	GlobalSection(SolutionProperties) = preSolution
		HideSolutionNode = FALSE
	EndGlobalSection
	GlobalSection(ExtensibilityGlobals) = postSolution
		SolutionGuid = {51A9DCDB-D031-4CB8-8737-A61F2A48F77B}
	EndGlobalSection
EndGlobal
